
Microsoft Visual Studio Solution File, Format Version 12.00
# Visual Studio Version 17
VisualStudioVersion = 17.2.32519.379
MinimumVisualStudioVersion = 10.0.40219.1
Project("{9A19103F-16F7-4668-BE54-9A1E7A4F7556}") = "TruongDoShop.WebApp", "TruongDoShop.WebApp\TruongDoShop.WebApp.csproj", "{0B471385-3154-45AF-BB34-808C1CEBFE0F}"
EndProject
Project("{2150E333-8FDC-42A3-9474-1A3956D46DE8}") = "Solution Items", "Solution Items", "{750F63D0-7CD8-497E-8654-B3BA8CC06984}"
	ProjectSection(SolutionItems) = preProject
		README.md = README.md
	EndProjectSection
EndProject
Global
	GlobalSection(SolutionConfigurationPlatforms) = preSolution
		Debug|Any CPU = Debug|Any CPU
		Release|Any CPU = Release|Any CPU
	EndGlobalSection
	GlobalSection(ProjectConfigurationPlatforms) = postSolution
		{0B471385-3154-45AF-BB34-808C1CEBFE0F}.Debug|Any CPU.ActiveCfg = Debug|Any CPU
		{0B471385-3154-45AF-BB34-808C1CEBFE0F}.Debug|Any CPU.Build.0 = Debug|Any CPU
		{0B471385-3154-45AF-BB34-808C1CEBFE0F}.Release|Any CPU.ActiveCfg = Release|Any CPU
		{0B471385-3154-45AF-BB34-808C1CEBFE0F}.Release|Any CPU.Build.0 = Release|Any CPU
	EndGlobalSection
	GlobalSection(SolutionProperties) = preSolution
		HideSolutionNode = FALSE
	EndGlobalSection
	GlobalSection(ExtensibilityGlobals) = postSolution
		SolutionGuid = {ED0AEC29-53D0-43DC-9040-A3AC08688FE2}
	EndGlobalSection
EndGlobal
